Microsoft Visual Studio Solution File, Format Version 12.00
# Visual Studio Version 16
VisualStudioVersion = 16.0.30320.27
MinimumVisualStudioVersion = 10.0.40219.1
Project("{9A19103F-16F7-4668-BE54-9A1E7A4F7556}") = "Natmc", "Natmc\Natmc.csproj", "{1CCBBBC8-73F4-4DE7-BED5-99F286A07E33}"
EndProject
Project("{2150E333-8FDC-42A3-9474-1A3956D46DE8}") = "Miscellaneous", "Miscellaneous", "{08AD40C9-CE48-4AD5-9027-5CFFDAB27335}"
	ProjectSection(SolutionItems) = preProject
		.gitignore = .gitignore
		README.md = README.md
	EndProjectSection
EndProject
Global
	GlobalSection(SolutionConfigurationPlatforms) = preSolution
		Debug|Any CPU = Debug|Any CPU
		Release|Any CPU = Release|Any CPU
	EndGlobalSection
	GlobalSection(ProjectConfigurationPlatforms) = postSolution
		{1CCBBBC8-73F4-4DE7-BED5-99F286A07E33}.Debug|Any CPU.ActiveCfg = Debug|Any CPU
		{1CCBBBC8-73F4-4DE7-BED5-99F286A07E33}.Debug|Any CPU.Build.0 = Debug|Any CPU
		{1CCBBBC8-73F4-4DE7-BED5-99F286A07E33}.Release|Any CPU.ActiveCfg = Release|Any CPU
		{1CCBBBC8-73F4-4DE7-BED5-99F286A07E33}.Release|Any CPU.Build.0 = Release|Any CPU
	EndGlobalSection
	GlobalSection(SolutionProperties) = preSolution
		HideSolutionNode = FALSE
	EndGlobalSection
	GlobalSection(ExtensibilityGlobals) = postSolution
		SolutionGuid = {398923F2-6C8A-40DD-893C-F1F6E06DC07C}
	EndGlobalSection
EndGlobal
